{
  "requires": true,
  "lockfileVersion": 1,
  "dependencies": {
    "font-awesome.css": {
      "version": "4.7.2",
      "resolved": "https://registry.npmjs.org/font-awesome.css/-/font-awesome.css-4.7.2.tgz",
      "integrity": "sha1-B1pCARQo8gJyVO9phgx1ergWyVI="
    },
    "jquery": {
      "version": "3.4.1",
      "resolved": "https://registry.npmjs.org/jquery/-/jquery-3.4.1.tgz",
      "integrity": "sha512-36+AdBzCL+y6qjw5Tx7HgzeGCzC81MDDgaUP8ld2zhx58HdqXGoBd+tHdrBMiyjGQs0Hxs/MLZTu/eHNJJuWPw=="
    }
  }
}
